// !$*UTF8*$!
{
	archiveVersion = 1;
	classes = {
	};
	objectVersion = 46;
	objects = {

/* Begin PBXBuildFile section */
		1300E3BD16DA9D1B0033151C /* DBTalk.m in Sources */ = {isa = PBXBuildFile; fileRef = 1300E3BC16DA9D1B0033151C /* DBTalk.m */; };
		13CF9B2016EC4BAD006CF20B /* LocalTalk.m in Sources */ = {isa = PBXBuildFile; fileRef = 13CF9B1F16EC4BAD006CF20B /* LocalTalk.m */; };
		13CF9B2716ECF829006CF20B /* LocalDatabase.sqlite in Resources */ = {isa = PBXBuildFile; fileRef = 13CF9B2616ECF829006CF20B /* LocalDatabase.sqlite */; };
		13CF9B2A16ECF8DB006CF20B /* libsqlite3.0.dylib in Frameworks */ = {isa = PBXBuildFile; fileRef = 13CF9B2916ECF8DB006CF20B /* libsqlite3.0.dylib */; };
		19087ED016E95363007FE40B /* PatientListViewCell.m in Sources */ = {isa = PBXBuildFile; fileRef = 196CCD8A16E90ED600B82048 /* PatientListViewCell.m */; };
		19087ED116E95364007FE40B /* PatientListViewCell.m in Sources */ = {isa = PBXBuildFile; fileRef = 196CCD8A16E90ED600B82048 /* PatientListViewCell.m */; };
		C44D6F2916D19AD60036E40B /* UIKit.framework in Frameworks */ = {isa = PBXBuildFile; fileRef = C44D6F2816D19AD60036E40B /* UIKit.framework */; };
		C44D6F2B16D19AD60036E40B /* Foundation.framework in Frameworks */ = {isa = PBXBuildFile; fileRef = C44D6F2A16D19AD60036E40B /* Foundation.framework */; };
		C44D6F2D16D19AD60036E40B /* CoreGraphics.framework in Frameworks */ = {isa = PBXBuildFile; fileRef = C44D6F2C16D19AD60036E40B /* CoreGraphics.framework */; };
		C44D6F3316D19AD60036E40B /* InfoPlist.strings in Resources */ = {isa = PBXBuildFile; fileRef = C44D6F3116D19AD60036E40B /* InfoPlist.strings */; };
		C44D6F3516D19AD60036E40B /* main.m in Sources */ = {isa = PBXBuildFile; fileRef = C44D6F3416D19AD60036E40B /* main.m */; };
		C44D6F3916D19AD60036E40B /* AppDelegate.m in Sources */ = {isa = PBXBuildFile; fileRef = C44D6F3816D19AD60036E40B /* AppDelegate.m */; };
		C44D6F3B16D19AD60036E40B /* Default.png in Resources */ = {isa = PBXBuildFile; fileRef = C44D6F3A16D19AD60036E40B /* Default.png */; };
		C44D6F3D16D19AD60036E40B /* Default@2x.png in Resources */ = {isa = PBXBuildFile; fileRef = C44D6F3C16D19AD60036E40B /* Default@2x.png */; };
		C44D6F3F16D19AD60036E40B /* Default-568h@2x.png in Resources */ = {isa = PBXBuildFile; fileRef = C44D6F3E16D19AD60036E40B /* Default-568h@2x.png */; };
		C44D6F4516D19AD60036E40B /* ViewController.m in Sources */ = {isa = PBXBuildFile; fileRef = C44D6F4416D19AD60036E40B /* ViewController.m */; };
		C44D6F4D16D19AD60036E40B /* SenTestingKit.framework in Frameworks */ = {isa = PBXBuildFile; fileRef = C44D6F4C16D19AD60036E40B /* SenTestingKit.framework */; };
		C44D6F4E16D19AD60036E40B /* UIKit.framework in Frameworks */ = {isa = PBXBuildFile; fileRef = C44D6F2816D19AD60036E40B /* UIKit.framework */; };
		C44D6F4F16D19AD60036E40B /* Foundation.framework in Frameworks */ = {isa = PBXBuildFile; fileRef = C44D6F2A16D19AD60036E40B /* Foundation.framework */; };
		C44D6F5716D19AD60036E40B /* InfoPlist.strings in Resources */ = {isa = PBXBuildFile; fileRef = C44D6F5516D19AD60036E40B /* InfoPlist.strings */; };
		C44D6F5A16D19AD60036E40B /* TRxTests.m in Sources */ = {isa = PBXBuildFile; fileRef = C44D6F5916D19AD60036E40B /* TRxTests.m */; };
		C469AA7316E8FDE500E75E7A /* PatientListViewController.m in Sources */ = {isa = PBXBuildFile; fileRef = C469AA7216E8FDE500E75E7A /* PatientListViewController.m */; };
		C469AA7D16E905D100E75E7A /* Icon-72.png in Resources */ = {isa = PBXBuildFile; fileRef = C469AA7916E905D100E75E7A /* Icon-72.png */; };
		C469AA7E16E905D100E75E7A /* Icon-72@2x.png in Resources */ = {isa = PBXBuildFile; fileRef = C469AA7A16E905D100E75E7A /* Icon-72@2x.png */; };
		C469AA7F16E905D100E75E7A /* TRx_Icon.png in Resources */ = {isa = PBXBuildFile; fileRef = C469AA7B16E905D100E75E7A /* TRx_Icon.png */; };
		C469AA8016E905D100E75E7A /* TRx_Icon@2x.png in Resources */ = {isa = PBXBuildFile; fileRef = C469AA7C16E905D100E75E7A /* TRx_Icon@2x.png */; };
		C469AA8416E9082D00E75E7A /* PhysicalViewController.m in Sources */ = {isa = PBXBuildFile; fileRef = C469AA8316E9082D00E75E7A /* PhysicalViewController.m */; };
		C469AA8716E9083D00E75E7A /* LabWordViewController.m in Sources */ = {isa = PBXBuildFile; fileRef = C469AA8616E9083D00E75E7A /* LabWordViewController.m */; };
		C469AA8A16E9084C00E75E7A /* ORViewController.m in Sources */ = {isa = PBXBuildFile; fileRef = C469AA8916E9084C00E75E7A /* ORViewController.m */; };
		C469AA8D16E9085C00E75E7A /* RecoveryViewController.m in Sources */ = {isa = PBXBuildFile; fileRef = C469AA8C16E9085C00E75E7A /* RecoveryViewController.m */; };
		C469AA9016E9086C00E75E7A /* DischargeViewController.m in Sources */ = {isa = PBXBuildFile; fileRef = C469AA8F16E9086C00E75E7A /* DischargeViewController.m */; };
		C469AA9316E9087A00E75E7A /* SummaryViewController.m in Sources */ = {isa = PBXBuildFile; fileRef = C469AA9216E9087A00E75E7A /* SummaryViewController.m */; };
		C469AA9616E9089100E75E7A /* PreOpViewController.m in Sources */ = {isa = PBXBuildFile; fileRef = C469AA9516E9089100E75E7A /* PreOpViewController.m */; };
		C469AA9A16E90A0100E75E7A /* Patient.m in Sources */ = {isa = PBXBuildFile; fileRef = C469AA9916E90A0100E75E7A /* Patient.m */; };
		C469AA9D16E9469F00E75E7A /* AdminInformation.m in Sources */ = {isa = PBXBuildFile; fileRef = C469AA9C16E9469F00E75E7A /* AdminInformation.m */; };
		C474A24E16E709C1006F2B0B /* MainStoryboard.storyboard in Resources */ = {isa = PBXBuildFile; fileRef = C474A24D16E709C1006F2B0B /* MainStoryboard.storyboard */; };
/* End PBXBuildFile section */

/* Begin PBXContainerItemProxy section */
		C44D6F5016D19AD60036E40B /* PBXContainerItemProxy */ = {
			isa = PBXContainerItemProxy;
			containerPortal = C44D6F1D16D19AD60036E40B /* Project object */;
			proxyType = 1;
			remoteGlobalIDString = C44D6F2416D19AD60036E40B;
			remoteInfo = TRx;
		};
/* End PBXContainerItemProxy section */

/* Begin PBXFileReference section */
		1300E3BB16DA9D1B0033151C /* DBTalk.h */ = {isa = PBXFileReference; fileEncoding = 4; lastKnownFileType = sourcecode.c.h; path = DBTalk.h; sourceTree = "<group>"; };
		1300E3BC16DA9D1B0033151C /* DBTalk.m */ = {isa = PBXFileReference; fileEncoding = 4; lastKnownFileType = sourcecode.c.objc; path = DBTalk.m; sourceTree = "<group>"; };
		13CF9B1E16EC4BAD006CF20B /* LocalTalk.h */ = {isa = PBXFileReference; fileEncoding = 4; lastKnownFileType = sourcecode.c.h; path = LocalTalk.h; sourceTree = "<group>"; };
		13CF9B1F16EC4BAD006CF20B /* LocalTalk.m */ = {isa = PBXFileReference; fileEncoding = 4; lastKnownFileType = sourcecode.c.objc; path = LocalTalk.m; sourceTree = "<group>"; };
		13CF9B2616ECF829006CF20B /* LocalDatabase.sqlite */ = {isa = PBXFileReference; lastKnownFileType = file; path = LocalDatabase.sqlite; sourceTree = "<group>"; };
		13CF9B2916ECF8DB006CF20B /* libsqlite3.0.dylib */ = {isa = PBXFileReference; lastKnownFileType = "compiled.mach-o.dylib"; name = libsqlite3.0.dylib; path = usr/lib/libsqlite3.0.dylib; sourceTree = SDKROOT; };
		196CCD8916E90ED600B82048 /* PatientListViewCell.h */ = {isa = PBXFileReference; fileEncoding = 4; lastKnownFileType = sourcecode.c.h; path = PatientListViewCell.h; sourceTree = "<group>"; };
		196CCD8A16E90ED600B82048 /* PatientListViewCell.m */ = {isa = PBXFileReference; fileEncoding = 4; lastKnownFileType = sourcecode.c.objc; path = PatientListViewCell.m; sourceTree = "<group>"; };
		C44D6F2516D19AD60036E40B /* TRx.app */ = {isa = PBXFileReference; explicitFileType = wrapper.application; includeInIndex = 0; path = TRx.app; sourceTree = BUILT_PRODUCTS_DIR; };
		C44D6F2816D19AD60036E40B /* UIKit.framework */ = {isa = PBXFileReference; lastKnownFileType = wrapper.framework; name = UIKit.framework; path = System/Library/Frameworks/UIKit.framework; sourceTree = SDKROOT; };
		C44D6F2A16D19AD60036E40B /* Foundation.framework */ = {isa = PBXFileReference; lastKnownFileType = wrapper.framework; name = Foundation.framework; path = System/Library/Frameworks/Foundation.framework; sourceTree = SDKROOT; };
		C44D6F2C16D19AD60036E40B /* CoreGraphics.framework */ = {isa = PBXFileReference; lastKnownFileType = wrapper.framework; name = CoreGraphics.framework; path = System/Library/Frameworks/CoreGraphics.framework; sourceTree = SDKROOT; };
		C44D6F3016D19AD60036E40B /* TRx-Info.plist */ = {isa = PBXFileReference; lastKnownFileType = text.plist.xml; path = "TRx-Info.plist"; sourceTree = "<group>"; };
		C44D6F3216D19AD60036E40B /* en */ = {isa = PBXFileReference; lastKnownFileType = text.plist.strings; name = en; path = en.lproj/InfoPlist.strings; sourceTree = "<group>"; };
		C44D6F3416D19AD60036E40B /* main.m */ = {isa = PBXFileReference; lastKnownFileType = sourcecode.c.objc; path = main.m; sourceTree = "<group>"; };
		C44D6F3616D19AD60036E40B /* TRx-Prefix.pch */ = {isa = PBXFileReference; lastKnownFileType = sourcecode.c.h; path = "TRx-Prefix.pch"; sourceTree = "<group>"; };
		C44D6F3716D19AD60036E40B /* AppDelegate.h */ = {isa = PBXFileReference; lastKnownFileType = sourcecode.c.h; path = AppDelegate.h; sourceTree = "<group>"; };
		C44D6F3816D19AD60036E40B /* AppDelegate.m */ = {isa = PBXFileReference; lastKnownFileType = sourcecode.c.objc; path = AppDelegate.m; sourceTree = "<group>"; };
		C44D6F3A16D19AD60036E40B /* Default.png */ = {isa = PBXFileReference; lastKnownFileType = image.png; path = Default.png; sourceTree = "<group>"; };
		C44D6F3C16D19AD60036E40B /* Default@2x.png */ = {isa = PBXFileReference; lastKnownFileType = image.png; path = "Default@2x.png"; sourceTree = "<group>"; };
		C44D6F3E16D19AD60036E40B /* Default-568h@2x.png */ = {isa = PBXFileReference; lastKnownFileType = image.png; path = "Default-568h@2x.png"; sourceTree = "<group>"; };
		C44D6F4316D19AD60036E40B /* ViewController.h */ = {isa = PBXFileReference; lastKnownFileType = sourcecode.c.h; path = ViewController.h; sourceTree = "<group>"; };
		C44D6F4416D19AD60036E40B /* ViewController.m */ = {isa = PBXFileReference; lastKnownFileType = sourcecode.c.objc; path = ViewController.m; sourceTree = "<group>"; };
		C44D6F4B16D19AD60036E40B /* TRxTests.octest */ = {isa = PBXFileReference; explicitFileType = wrapper.cfbundle; includeInIndex = 0; path = TRxTests.octest; sourceTree = BUILT_PRODUCTS_DIR; };
		C44D6F4C16D19AD60036E40B /* SenTestingKit.framework */ = {isa = PBXFileReference; lastKnownFileType = wrapper.framework; name = SenTestingKit.framework; path = Library/Frameworks/SenTestingKit.framework; sourceTree = DEVELOPER_DIR; };
		C44D6F5416D19AD60036E40B /* TRxTests-Info.plist */ = {isa = PBXFileReference; lastKnownFileType = text.plist.xml; path = "TRxTests-Info.plist"; sourceTree = "<group>"; };
		C44D6F5616D19AD60036E40B /* en */ = {isa = PBXFileReference; lastKnownFileType = text.plist.strings; name = en; path = en.lproj/InfoPlist.strings; sourceTree = "<group>"; };
		C44D6F5816D19AD60036E40B /* TRxTests.h */ = {isa = PBXFileReference; lastKnownFileType = sourcecode.c.h; path = TRxTests.h; sourceTree = "<group>"; };
		C44D6F5916D19AD60036E40B /* TRxTests.m */ = {isa = PBXFileReference; lastKnownFileType = sourcecode.c.objc; path = TRxTests.m; sourceTree = "<group>"; };
		C469AA7116E8FDE500E75E7A /* PatientListViewController.h */ = {isa = PBXFileReference; fileEncoding = 4; lastKnownFileType = sourcecode.c.h; path = PatientListViewController.h; sourceTree = "<group>"; };
		C469AA7216E8FDE500E75E7A /* PatientListViewController.m */ = {isa = PBXFileReference; fileEncoding = 4; lastKnownFileType = sourcecode.c.objc; path = PatientListViewController.m; sourceTree = "<group>"; };
		C469AA7916E905D100E75E7A /* Icon-72.png */ = {isa = PBXFileReference; lastKnownFileType = image.png; name = "Icon-72.png"; path = "Resources/TRx_png/Icon-72.png"; sourceTree = SOURCE_ROOT; };
		C469AA7A16E905D100E75E7A /* Icon-72@2x.png */ = {isa = PBXFileReference; lastKnownFileType = image.png; name = "Icon-72@2x.png"; path = "Resources/TRx_png/Icon-72@2x.png"; sourceTree = SOURCE_ROOT; };
		C469AA7B16E905D100E75E7A /* TRx_Icon.png */ = {isa = PBXFileReference; lastKnownFileType = image.png; name = TRx_Icon.png; path = Resources/TRx_png/TRx_Icon.png; sourceTree = SOURCE_ROOT; };
		C469AA7C16E905D100E75E7A /* TRx_Icon@2x.png */ = {isa = PBXFileReference; lastKnownFileType = image.png; name = "TRx_Icon@2x.png"; path = "Resources/TRx_png/TRx_Icon@2x.png"; sourceTree = SOURCE_ROOT; };
		C469AA8216E9082D00E75E7A /* PhysicalViewController.h */ = {isa = PBXFileReference; fileEncoding = 4; lastKnownFileType = sourcecode.c.h; path = PhysicalViewController.h; sourceTree = "<group>"; };
		C469AA8316E9082D00E75E7A /* PhysicalViewController.m */ = {isa = PBXFileReference; fileEncoding = 4; lastKnownFileType = sourcecode.c.objc; path = PhysicalViewController.m; sourceTree = "<group>"; };
		C469AA8516E9083D00E75E7A /* LabWordViewController.h */ = {isa = PBXFileReference; fileEncoding = 4; lastKnownFileType = sourcecode.c.h; path = LabWordViewController.h; sourceTree = "<group>"; };
		C469AA8616E9083D00E75E7A /* LabWordViewController.m */ = {isa = PBXFileReference; fileEncoding = 4; lastKnownFileType = sourcecode.c.objc; path = LabWordViewController.m; sourceTree = "<group>"; };
		C469AA8816E9084C00E75E7A /* ORViewController.h */ = {isa = PBXFileReference; fileEncoding = 4; lastKnownFileType = sourcecode.c.h; path = ORViewController.h; sourceTree = "<group>"; };
		C469AA8916E9084C00E75E7A /* ORViewController.m */ = {isa = PBXFileReference; fileEncoding = 4; lastKnownFileType = sourcecode.c.objc; path = ORViewController.m; sourceTree = "<group>"; };
		C469AA8B16E9085C00E75E7A /* RecoveryViewController.h */ = {isa = PBXFileReference; fileEncoding = 4; lastKnownFileType = sourcecode.c.h; path = RecoveryViewController.h; sourceTree = "<group>"; };
		C469AA8C16E9085C00E75E7A /* RecoveryViewController.m */ = {isa = PBXFileReference; fileEncoding = 4; lastKnownFileType = sourcecode.c.objc; path = RecoveryViewController.m; sourceTree = "<group>"; };
		C469AA8E16E9086C00E75E7A /* DischargeViewController.h */ = {isa = PBXFileReference; fileEncoding = 4; lastKnownFileType = sourcecode.c.h; path = DischargeViewController.h; sourceTree = "<group>"; };
		C469AA8F16E9086C00E75E7A /* DischargeViewController.m */ = {isa = PBXFileReference; fileEncoding = 4; lastKnownFileType = sourcecode.c.objc; path = DischargeViewController.m; sourceTree = "<group>"; };
		C469AA9116E9087A00E75E7A /* SummaryViewController.h */ = {isa = PBXFileReference; fileEncoding = 4; lastKnownFileType = sourcecode.c.h; path = SummaryViewController.h; sourceTree = "<group>"; };
		C469AA9216E9087A00E75E7A /* SummaryViewController.m */ = {isa = PBXFileReference; fileEncoding = 4; lastKnownFileType = sourcecode.c.objc; path = SummaryViewController.m; sourceTree = "<group>"; };
		C469AA9416E9089100E75E7A /* PreOpViewController.h */ = {isa = PBXFileReference; fileEncoding = 4; lastKnownFileType = sourcecode.c.h; path = PreOpViewController.h; sourceTree = "<group>"; };
		C469AA9516E9089100E75E7A /* PreOpViewController.m */ = {isa = PBXFileReference; fileEncoding = 4; lastKnownFileType = sourcecode.c.objc; path = PreOpViewController.m; sourceTree = "<group>"; };
		C469AA9816E90A0100E75E7A /* Patient.h */ = {isa = PBXFileReference; fileEncoding = 4; lastKnownFileType = sourcecode.c.h; path = Patient.h; sourceTree = "<group>"; };
		C469AA9916E90A0100E75E7A /* Patient.m */ = {isa = PBXFileReference; fileEncoding = 4; lastKnownFileType = sourcecode.c.objc; path = Patient.m; sourceTree = "<group>"; };
		C469AA9B16E9469F00E75E7A /* AdminInformation.h */ = {isa = PBXFileReference; fileEncoding = 4; lastKnownFileType = sourcecode.c.h; path = AdminInformation.h; sourceTree = "<group>"; };
		C469AA9C16E9469F00E75E7A /* AdminInformation.m */ = {isa = PBXFileReference; fileEncoding = 4; lastKnownFileType = sourcecode.c.objc; path = AdminInformation.m; sourceTree = "<group>"; };
		C474A24D16E709C1006F2B0B /* MainStoryboard.storyboard */ = {isa = PBXFileReference; fileEncoding = 4; lastKnownFileType = file.storyboard; path = MainStoryboard.storyboard; sourceTree = "<group>"; };
/* End PBXFileReference section */

/* Begin PBXFrameworksBuildPhase section */
		C44D6F2216D19AD60036E40B /* Frameworks */ = {
			isa = PBXFrameworksBuildPhase;
			buildActionMask = 2147483647;
			files = (
				13CF9B2A16ECF8DB006CF20B /* libsqlite3.0.dylib in Frameworks */,
				C44D6F2916D19AD60036E40B /* UIKit.framework in Frameworks */,
				C44D6F2B16D19AD60036E40B /* Foundation.framework in Frameworks */,
				C44D6F2D16D19AD60036E40B /* CoreGraphics.framework in Frameworks */,
			);
			runOnlyForDeploymentPostprocessing = 0;
		};
		C44D6F4716D19AD60036E40B /* Frameworks */ = {
			isa = PBXFrameworksBuildPhase;
			buildActionMask = 2147483647;
			files = (
				C44D6F4D16D19AD60036E40B /* SenTestingKit.framework in Frameworks */,
				C44D6F4E16D19AD60036E40B /* UIKit.framework in Frameworks */,
				C44D6F4F16D19AD60036E40B /* Foundation.framework in Frameworks */,
			);
			runOnlyForDeploymentPostprocessing = 0;
		};
/* End PBXFrameworksBuildPhase section */

/* Begin PBXGroup section */
		C44D6F1C16D19AD60036E40B = {
			isa = PBXGroup;
			children = (
				13CF9B2916ECF8DB006CF20B /* libsqlite3.0.dylib */,
				C44D6F2E16D19AD60036E40B /* TRx */,
				C44D6F2F16D19AD60036E40B /* Supporting Files */,
				C469AA7716E905AC00E75E7A /* Images */,
				C44D6F5216D19AD60036E40B /* TRxTests */,
				C44D6F2716D19AD60036E40B /* Frameworks */,
				C44D6F2616D19AD60036E40B /* Products */,
			);
			sourceTree = "<group>";
		};
		C44D6F2616D19AD60036E40B /* Products */ = {
			isa = PBXGroup;
			children = (
				C44D6F2516D19AD60036E40B /* TRx.app */,
				C44D6F4B16D19AD60036E40B /* TRxTests.octest */,
			);
			name = Products;
			sourceTree = "<group>";
		};
		C44D6F2716D19AD60036E40B /* Frameworks */ = {
			isa = PBXGroup;
			children = (
				C44D6F2816D19AD60036E40B /* UIKit.framework */,
				C44D6F2A16D19AD60036E40B /* Foundation.framework */,
				C44D6F2C16D19AD60036E40B /* CoreGraphics.framework */,
				C44D6F4C16D19AD60036E40B /* SenTestingKit.framework */,
			);
			name = Frameworks;
			sourceTree = "<group>";
		};
		C44D6F2E16D19AD60036E40B /* TRx */ = {
			isa = PBXGroup;
			children = (
				C474A24D16E709C1006F2B0B /* MainStoryboard.storyboard */,
				C499B56616EC07E200F40046 /* Data Base */,
				C469AA9716E909D500E75E7A /* Classes */,
				C474A24B16E7092A006F2B0B /* Patient List */,
				C469AA6A16E8FD3E00E75E7A /* Tab 1 - PreOp */,
				C469AA7016E8FD8700E75E7A /* Tab 2 - Physical */,
				C469AA6F16E8FD8100E75E7A /* Tab 3 - Lab Work */,
				C469AA6E16E8FD7B00E75E7A /* Tab 4 - OR */,
				C469AA6D16E8FD6900E75E7A /* Tab 5 - Recovery */,
				C469AA6C16E8FD6200E75E7A /* Tab 6 - Discharge */,
				C469AA6B16E8FD5A00E75E7A /* Tab 7 - Summary */,
				C499B56716EC07FF00F40046 /* AppDelegate */,
			);
			path = TRx;
			sourceTree = "<group>";
		};
		C44D6F2F16D19AD60036E40B /* Supporting Files */ = {
			isa = PBXGroup;
			children = (
				C44D6F3016D19AD60036E40B /* TRx-Info.plist */,
				C44D6F3116D19AD60036E40B /* InfoPlist.strings */,
				C44D6F3416D19AD60036E40B /* main.m */,
				C44D6F3616D19AD60036E40B /* TRx-Prefix.pch */,
			);
			name = "Supporting Files";
			path = TRx;
			sourceTree = "<group>";
		};
		C44D6F5216D19AD60036E40B /* TRxTests */ = {
			isa = PBXGroup;
			children = (
				C44D6F5816D19AD60036E40B /* TRxTests.h */,
				C44D6F5916D19AD60036E40B /* TRxTests.m */,
				C44D6F5316D19AD60036E40B /* Supporting Files */,
			);
			path = TRxTests;
			sourceTree = "<group>";
		};
		C44D6F5316D19AD60036E40B /* Supporting Files */ = {
			isa = PBXGroup;
			children = (
				C44D6F5416D19AD60036E40B /* TRxTests-Info.plist */,
				C44D6F5516D19AD60036E40B /* InfoPlist.strings */,
			);
			name = "Supporting Files";
			sourceTree = "<group>";
		};
		C469AA6A16E8FD3E00E75E7A /* Tab 1 - PreOp */ = {
			isa = PBXGroup;
			children = (
				C469AA9416E9089100E75E7A /* PreOpViewController.h */,
				C469AA9516E9089100E75E7A /* PreOpViewController.m */,
			);
			name = "Tab 1 - PreOp";
			sourceTree = "<group>";
		};
		C469AA6B16E8FD5A00E75E7A /* Tab 7 - Summary */ = {
			isa = PBXGroup;
			children = (
				C469AA9116E9087A00E75E7A /* SummaryViewController.h */,
				C469AA9216E9087A00E75E7A /* SummaryViewController.m */,
			);
			name = "Tab 7 - Summary";
			sourceTree = "<group>";
		};
		C469AA6C16E8FD6200E75E7A /* Tab 6 - Discharge */ = {
			isa = PBXGroup;
			children = (
				C469AA8E16E9086C00E75E7A /* DischargeViewController.h */,
				C469AA8F16E9086C00E75E7A /* DischargeViewController.m */,
			);
			name = "Tab 6 - Discharge";
			sourceTree = "<group>";
		};
		C469AA6D16E8FD6900E75E7A /* Tab 5 - Recovery */ = {
			isa = PBXGroup;
			children = (
				C469AA8B16E9085C00E75E7A /* RecoveryViewController.h */,
				C469AA8C16E9085C00E75E7A /* RecoveryViewController.m */,
			);
			name = "Tab 5 - Recovery";
			sourceTree = "<group>";
		};
		C469AA6E16E8FD7B00E75E7A /* Tab 4 - OR */ = {
			isa = PBXGroup;
			children = (
				C469AA8816E9084C00E75E7A /* ORViewController.h */,
				C469AA8916E9084C00E75E7A /* ORViewController.m */,
			);
			name = "Tab 4 - OR";
			sourceTree = "<group>";
		};
		C469AA6F16E8FD8100E75E7A /* Tab 3 - Lab Work */ = {
			isa = PBXGroup;
			children = (
				C469AA8516E9083D00E75E7A /* LabWordViewController.h */,
				C469AA8616E9083D00E75E7A /* LabWordViewController.m */,
			);
			name = "Tab 3 - Lab Work";
			sourceTree = "<group>";
		};
		C469AA7016E8FD8700E75E7A /* Tab 2 - Physical */ = {
			isa = PBXGroup;
			children = (
				C469AA8216E9082D00E75E7A /* PhysicalViewController.h */,
				C469AA8316E9082D00E75E7A /* PhysicalViewController.m */,
			);
			name = "Tab 2 - Physical";
			sourceTree = "<group>";
		};
		C469AA7716E905AC00E75E7A /* Images */ = {
			isa = PBXGroup;
			children = (
				C44D6F3A16D19AD60036E40B /* Default.png */,
				C44D6F3C16D19AD60036E40B /* Default@2x.png */,
				C44D6F3E16D19AD60036E40B /* Default-568h@2x.png */,
				C469AA7816E905BD00E75E7A /* Defaults */,
				C469AA8116E9060000E75E7A /* Tab Images */,
			);
			name = Images;
			path = TRx;
			sourceTree = "<group>";
		};
		C469AA7816E905BD00E75E7A /* Defaults */ = {
			isa = PBXGroup;
			children = (
				C469AA7916E905D100E75E7A /* Icon-72.png */,
				C469AA7A16E905D100E75E7A /* Icon-72@2x.png */,
				C469AA7B16E905D100E75E7A /* TRx_Icon.png */,
				C469AA7C16E905D100E75E7A /* TRx_Icon@2x.png */,
			);
			name = Defaults;
			sourceTree = "<group>";
		};
		C469AA8116E9060000E75E7A /* Tab Images */ = {
			isa = PBXGroup;
			children = (
			);
			name = "Tab Images";
			sourceTree = "<group>";
		};
		C469AA9716E909D500E75E7A /* Classes */ = {
			isa = PBXGroup;
			children = (
				C469AA9B16E9469F00E75E7A /* AdminInformation.h */,
				C469AA9C16E9469F00E75E7A /* AdminInformation.m */,
				C469AA9816E90A0100E75E7A /* Patient.h */,
				C469AA9916E90A0100E75E7A /* Patient.m */,
			);
			name = Classes;
			sourceTree = "<group>";
		};
		C474A24B16E7092A006F2B0B /* Patient List */ = {
			isa = PBXGroup;
			children = (
				C469AA7116E8FDE500E75E7A /* PatientListViewController.h */,
				C469AA7216E8FDE500E75E7A /* PatientListViewController.m */,
				196CCD8916E90ED600B82048 /* PatientListViewCell.h */,
				196CCD8A16E90ED600B82048 /* PatientListViewCell.m */,
			);
			name = "Patient List";
			sourceTree = "<group>";
		};
		C499B56616EC07E200F40046 /* Data Base */ = {
			isa = PBXGroup;
			children = (
				13CF9B2616ECF829006CF20B /* LocalDatabase.sqlite */,
				1300E3BB16DA9D1B0033151C /* DBTalk.h */,
				1300E3BC16DA9D1B0033151C /* DBTalk.m */,
				13CF9B1E16EC4BAD006CF20B /* LocalTalk.h */,
				13CF9B1F16EC4BAD006CF20B /* LocalTalk.m */,
			);
			name = "Data Base";
			sourceTree = "<group>";
		};
		C499B56716EC07FF00F40046 /* AppDelegate */ = {
			isa = PBXGroup;
			children = (
				C44D6F3716D19AD60036E40B /* AppDelegate.h */,
				C44D6F3816D19AD60036E40B /* AppDelegate.m */,
				C44D6F4316D19AD60036E40B /* ViewController.h */,
				C44D6F4416D19AD60036E40B /* ViewController.m */,
			);
			name = AppDelegate;
			sourceTree = "<group>";
		};
/* End PBXGroup section */

/* Begin PBXNativeTarget section */
		C44D6F2416D19AD60036E40B /* TRx */ = {
			isa = PBXNativeTarget;
			buildConfigurationList = C44D6F5D16D19AD60036E40B /* Build configuration list for PBXNativeTarget "TRx" */;
			buildPhases = (
				C44D6F2116D19AD60036E40B /* Sources */,
				C44D6F2216D19AD60036E40B /* Frameworks */,
				C44D6F2316D19AD60036E40B /* Resources */,
			);
			buildRules = (
			);
			dependencies = (
			);
			name = TRx;
			productName = TRx;
			productReference = C44D6F2516D19AD60036E40B /* TRx.app */;
			productType = "com.apple.product-type.application";
		};
		C44D6F4A16D19AD60036E40B /* TRxTests */ = {
			isa = PBXNativeTarget;
			buildConfigurationList = C44D6F6016D19AD60036E40B /* Build configuration list for PBXNativeTarget "TRxTests" */;
			buildPhases = (
				C44D6F4616D19AD60036E40B /* Sources */,
				C44D6F4716D19AD60036E40B /* Frameworks */,
				C44D6F4816D19AD60036E40B /* Resources */,
				C44D6F4916D19AD60036E40B /* ShellScript */,
			);
			buildRules = (
			);
			dependencies = (
				C44D6F5116D19AD60036E40B /* PBXTargetDependency */,
			);
			name = TRxTests;
			productName = TRxTests;
			productReference = C44D6F4B16D19AD60036E40B /* TRxTests.octest */;
			productType = "com.apple.product-type.bundle";
		};
/* End PBXNativeTarget section */

/* Begin PBXProject section */
		C44D6F1D16D19AD60036E40B /* Project object */ = {
			isa = PBXProject;
			attributes = {
				LastUpgradeCheck = 0460;
				ORGANIZATIONNAME = "Team Ecuador";
			};
			buildConfigurationList = C44D6F2016D19AD60036E40B /* Build configuration list for PBXProject "TRx" */;
			compatibilityVersion = "Xcode 3.2";
			developmentRegion = English;
			hasScannedForEncodings = 0;
			knownRegions = (
				en,
			);
			mainGroup = C44D6F1C16D19AD60036E40B;
			productRefGroup = C44D6F2616D19AD60036E40B /* Products */;
			projectDirPath = "";
			projectRoot = "";
			targets = (
				C44D6F2416D19AD60036E40B /* TRx */,
				C44D6F4A16D19AD60036E40B /* TRxTests */,
			);
		};
/* End PBXProject section */

/* Begin PBXResourcesBuildPhase section */
		C44D6F2316D19AD60036E40B /* Resources */ = {
			isa = PBXResourcesBuildPhase;
			buildActionMask = 2147483647;
			files = (
				C44D6F3316D19AD60036E40B /* InfoPlist.strings in Resources */,
				C44D6F3B16D19AD60036E40B /* Default.png in Resources */,
				C44D6F3D16D19AD60036E40B /* Default@2x.png in Resources */,
				C44D6F3F16D19AD60036E40B /* Default-568h@2x.png in Resources */,
				C474A24E16E709C1006F2B0B /* MainStoryboard.storyboard in Resources */,
				C469AA7D16E905D100E75E7A /* Icon-72.png in Resources */,
				C469AA7E16E905D100E75E7A /* Icon-72@2x.png in Resources */,
				C469AA7F16E905D100E75E7A /* TRx_Icon.png in Resources */,
				C469AA8016E905D100E75E7A /* TRx_Icon@2x.png in Resources */,
				13CF9B2716ECF829006CF20B /* LocalDatabase.sqlite in Resources */,
			);
			runOnlyForDeploymentPostprocessing = 0;
		};
		C44D6F4816D19AD60036E40B /* Resources */ = {
			isa = PBXResourcesBuildPhase;
			buildActionMask = 2147483647;
			files = (
				C44D6F5716D19AD60036E40B /* InfoPlist.strings in Resources */,
			);
			runOnlyForDeploymentPostprocessing = 0;
		};
/* End PBXResourcesBuildPhase section */

/* Begin PBXShellScriptBuildPhase section */
		C44D6F4916D19AD60036E40B /* ShellScript */ = {
			isa = PBXShellScriptBuildPhase;
			buildActionMask = 2147483647;
			files = (
			);
			inputPaths = (
			);
			outputPaths = (
			);
			runOnlyForDeploymentPostprocessing = 0;
			shellPath = /bin/sh;
			shellScript = "# Run the unit tests in this test bundle.\n\"${SYSTEM_DEVELOPER_DIR}/Tools/RunUnitTests\"\n";
		};
/* End PBXShellScriptBuildPhase section */

/* Begin PBXSourcesBuildPhase section */
		C44D6F2116D19AD60036E40B /* Sources */ = {
			isa = PBXSourcesBuildPhase;
			buildActionMask = 2147483647;
			files = (
				C44D6F3516D19AD60036E40B /* main.m in Sources */,
				C44D6F3916D19AD60036E40B /* AppDelegate.m in Sources */,
				C44D6F4516D19AD60036E40B /* ViewController.m in Sources */,
				1300E3BD16DA9D1B0033151C /* DBTalk.m in Sources */,
				C469AA7316E8FDE500E75E7A /* PatientListViewController.m in Sources */,
				C469AA8416E9082D00E75E7A /* PhysicalViewController.m in Sources */,
				C469AA8716E9083D00E75E7A /* LabWordViewController.m in Sources */,
				C469AA8A16E9084C00E75E7A /* ORViewController.m in Sources */,
				C469AA8D16E9085C00E75E7A /* RecoveryViewController.m in Sources */,
				C469AA9016E9086C00E75E7A /* DischargeViewController.m in Sources */,
				C469AA9316E9087A00E75E7A /* SummaryViewController.m in Sources */,
				C469AA9616E9089100E75E7A /* PreOpViewController.m in Sources */,
				C469AA9A16E90A0100E75E7A /* Patient.m in Sources */,
				C469AA9D16E9469F00E75E7A /* AdminInformation.m in Sources */,
				19087ED016E95363007FE40B /* PatientListViewCell.m in Sources */,
				13CF9B2016EC4BAD006CF20B /* LocalTalk.m in Sources */,
			);
			runOnlyForDeploymentPostprocessing = 0;
		};
		C44D6F4616D19AD60036E40B /* Sources */ = {
			isa = PBXSourcesBuildPhase;
			buildActionMask = 2147483647;
			files = (
				C44D6F5A16D19AD60036E40B /* TRxTests.m in Sources */,
				19087ED116E95364007FE40B /* PatientListViewCell.m in Sources */,
			);
			runOnlyForDeploymentPostprocessing = 0;
		};
/* End PBXSourcesBuildPhase section */

/* Begin PBXTargetDependency section */
		C44D6F5116D19AD60036E40B /* PBXTargetDependency */ = {
			isa = PBXTargetDependency;
			target = C44D6F2416D19AD60036E40B /* TRx */;
			targetProxy = C44D6F5016D19AD60036E40B /* PBXContainerItemProxy */;
		};
/* End PBXTargetDependency section */

/* Begin PBXVariantGroup section */
		C44D6F3116D19AD60036E40B /* InfoPlist.strings */ = {
			isa = PBXVariantGroup;
			children = (
				C44D6F3216D19AD60036E40B /* en */,
			);
			name = InfoPlist.strings;
			sourceTree = "<group>";
		};
		C44D6F5516D19AD60036E40B /* InfoPlist.strings */ = {
			isa = PBXVariantGroup;
			children = (
				C44D6F5616D19AD60036E40B /* en */,
			);
			name = InfoPlist.strings;
			sourceTree = "<group>";
		};
/* End PBXVariantGroup section */

/* Begin XCBuildConfiguration section */
		C44D6F5B16D19AD60036E40B /* Debug */ = {
			isa = XCBuildConfiguration;
			buildSettings = {
				ALWAYS_SEARCH_USER_PATHS = NO;
				CLANG_CXX_LANGUAGE_STANDARD = "gnu++0x";
				CLANG_CXX_LIBRARY = "libc++";
				CLANG_ENABLE_OBJC_ARC = YES;
				CLANG_WARN_CONSTANT_CONVERSION = YES;
				CLANG_WARN_EMPTY_BODY = YES;
				CLANG_WARN_ENUM_CONVERSION = YES;
				CLANG_WARN_INT_CONVERSION = YES;
				CLANG_WARN__DUPLICATE_METHOD_MATCH = YES;
				"CODE_SIGN_IDENTITY[sdk=iphoneos*]" = "iPhone Developer";
				COPY_PHASE_STRIP = NO;
				GCC_C_LANGUAGE_STANDARD = gnu99;
				GCC_DYNAMIC_NO_PIC = NO;
				GCC_OPTIMIZATION_LEVEL = 0;
				GCC_PREPROCESSOR_DEFINITIONS = (
					"DEBUG=1",
					"$(inherited)",
				);
				GCC_SYMBOLS_PRIVATE_EXTERN = NO;
				GCC_WARN_ABOUT_RETURN_TYPE = YES;
				GCC_WARN_UNINITIALIZED_AUTOS = YES;
				GCC_WARN_UNUSED_VARIABLE = YES;
				IPHONEOS_DEPLOYMENT_TARGET = 6.1;
				ONLY_ACTIVE_ARCH = YES;
				SDKROOT = iphoneos;
			};
			name = Debug;
		};
		C44D6F5C16D19AD60036E40B /* Release */ = {
			isa = XCBuildConfiguration;
			buildSettings = {
				ALWAYS_SEARCH_USER_PATHS = NO;
				CLANG_CXX_LANGUAGE_STANDARD = "gnu++0x";
				CLANG_CXX_LIBRARY = "libc++";
				CLANG_ENABLE_OBJC_ARC = YES;
				CLANG_WARN_CONSTANT_CONVERSION = YES;
				CLANG_WARN_EMPTY_BODY = YES;
				CLANG_WARN_ENUM_CONVERSION = YES;
				CLANG_WARN_INT_CONVERSION = YES;
				CLANG_WARN__DUPLICATE_METHOD_MATCH = YES;
				"CODE_SIGN_IDENTITY[sdk=iphoneos*]" = "iPhone Developer";
				COPY_PHASE_STRIP = YES;
				GCC_C_LANGUAGE_STANDARD = gnu99;
				GCC_WARN_ABOUT_RETURN_TYPE = YES;
				GCC_WARN_UNINITIALIZED_AUTOS = YES;
				GCC_WARN_UNUSED_VARIABLE = YES;
				IPHONEOS_DEPLOYMENT_TARGET = 6.1;
				OTHER_CFLAGS = "-DNS_BLOCK_ASSERTIONS=1";
				SDKROOT = iphoneos;
				VALIDATE_PRODUCT = YES;
			};
			name = Release;
		};
		C44D6F5E16D19AD60036E40B /* Debug */ = {
			isa = XCBuildConfiguration;
			buildSettings = {
				GCC_PRECOMPILE_PREFIX_HEADER = YES;
				GCC_PREFIX_HEADER = "TRx/TRx-Prefix.pch";
				INFOPLIST_FILE = "TRx/TRx-Info.plist";
				IPHONEOS_DEPLOYMENT_TARGET = 6.0;
				PRODUCT_NAME = "$(TARGET_NAME)";
				TARGETED_DEVICE_FAMILY = 2;
				WRAPPER_EXTENSION = app;
			};
			name = Debug;
		};
		C44D6F5F16D19AD60036E40B /* Release */ = {
			isa = XCBuildConfiguration;
			buildSettings = {
				GCC_PRECOMPILE_PREFIX_HEADER = YES;
				GCC_PREFIX_HEADER = "TRx/TRx-Prefix.pch";
				INFOPLIST_FILE = "TRx/TRx-Info.plist";
				IPHONEOS_DEPLOYMENT_TARGET = 6.0;
				PRODUCT_NAME = "$(TARGET_NAME)";
				TARGETED_DEVICE_FAMILY = 2;
				WRAPPER_EXTENSION = app;
			};
			name = Release;
		};
		C44D6F6116D19AD60036E40B /* Debug */ = {
			isa = XCBuildConfiguration;
			buildSettings = {
				BUNDLE_LOADER = "$(BUILT_PRODUCTS_DIR)/TRx.app/TRx";
				FRAMEWORK_SEARCH_PATHS = (
					"\"$(SDKROOT)/Developer/Library/Frameworks\"",
					"\"$(DEVELOPER_LIBRARY_DIR)/Frameworks\"",
				);
				GCC_PRECOMPILE_PREFIX_HEADER = YES;
				GCC_PREFIX_HEADER = "TRx/TRx-Prefix.pch";
				INFOPLIST_FILE = "TRxTests/TRxTests-Info.plist";
				IPHONEOS_DEPLOYMENT_TARGET = 6.0;
				PRODUCT_NAME = "$(TARGET_NAME)";
				TEST_HOST = "$(BUNDLE_LOADER)";
				WRAPPER_EXTENSION = octest;
			};
			name = Debug;
		};
		C44D6F6216D19AD60036E40B /* Release */ = {
			isa = XCBuildConfiguration;
			buildSettings = {
				BUNDLE_LOADER = "$(BUILT_PRODUCTS_DIR)/TRx.app/TRx";
				FRAMEWORK_SEARCH_PATHS = (
					"\"$(SDKROOT)/Developer/Library/Frameworks\"",
					"\"$(DEVELOPER_LIBRARY_DIR)/Frameworks\"",
				);
				GCC_PRECOMPILE_PREFIX_HEADER = YES;
				GCC_PREFIX_HEADER = "TRx/TRx-Prefix.pch";
				INFOPLIST_FILE = "TRxTests/TRxTests-Info.plist";
				IPHONEOS_DEPLOYMENT_TARGET = 6.0;
				PRODUCT_NAME = "$(TARGET_NAME)";
				TEST_HOST = "$(BUNDLE_LOADER)";
				WRAPPER_EXTENSION = octest;
			};
			name = Release;
		};
/* End XCBuildConfiguration section */

/* Begin XCConfigurationList section */
		C44D6F2016D19AD60036E40B /* Build configuration list for PBXProject "TRx" */ = {
			isa = XCConfigurationList;
			buildConfigurations = (
				C44D6F5B16D19AD60036E40B /* Debug */,
				C44D6F5C16D19AD60036E40B /* Release */,
			);
			defaultConfigurationIsVisible = 0;
			defaultConfigurationName = Release;
		};
		C44D6F5D16D19AD60036E40B /* Build configuration list for PBXNativeTarget "TRx" */ = {
			isa = XCConfigurationList;
			buildConfigurations = (
				C44D6F5E16D19AD60036E40B /* Debug */,
				C44D6F5F16D19AD60036E40B /* Release */,
			);
			defaultConfigurationIsVisible = 0;
			defaultConfigurationName = Release;
		};
		C44D6F6016D19AD60036E40B /* Build configuration list for PBXNativeTarget "TRxTests" */ = {
			isa = XCConfigurationList;
			buildConfigurations = (
				C44D6F6116D19AD60036E40B /* Debug */,
				C44D6F6216D19AD60036E40B /* Release */,
			);
			defaultConfigurationIsVisible = 0;
			defaultConfigurationName = Release;
		};
/* End XCConfigurationList section */
	};
	rootObject = C44D6F1D16D19AD60036E40B /* Project object */;
}
